{
	"name": "@nationdex/qdb",
	"version": "3.0.0",
	"lockfileVersion": 3,
	"requires": true,
	"packages": {
		"": {
			"name": "@nationdex/qdb",
			"version": "3.0.0",
			"license": "GPL-3.0",
			"dependencies": {
				"@eolthar/events": "^2.1.0",
				"@tryforge/forgescript": "^2.7.0",
				"lmdb": "^3.5.6"
			},
			"devDependencies": {
				"@types/node": "^22.10.0",
				"typescript": "^5.7.0"
			}
		},
		"node_modules/@discordjs/builders": {
			"version": "1.14.1",
			"resolved": "https://registry.npmjs.org/@discordjs/builders/-/builders-1.14.1.tgz",
			"integrity": "sha512-gSKkhXLqs96TCzk66VZuHHl8z2bQMJFGwrXC0f33ngK+FLNau4hU1PYny3DNJfNdSH+gVMzE85/d5FQ2BpcNwQ==",
			"license": "Apache-2.0",
			"dependencies": {
				"@discordjs/formatters": "^0.6.2",
				"@discordjs/util": "^1.2.0",
				"@sapphire/shapeshift": "^4.0.0",
				"discord-api-types": "^0.38.40",
				"fast-deep-equal": "^3.1.3",
				"ts-mixer": "^6.0.4",
				"tslib": "^2.6.3"
			},
			"engines": {
				"node": ">=16.11.0"
			},
			"funding": {
				"url": "https://github.com/discordjs/discord.js?sponsor"
			}
		},
		"node_modules/@discordjs/collection": {
			"version": "1.5.3",
			"resolved": "https://registry.npmjs.org/@discordjs/collection/-/collection-1.5.3.tgz",
			"integrity": "sha512-SVb428OMd3WO1paV3rm6tSjM4wC+Kecaa1EUGX7vc6/fddvw/6lg90z4QtCqm21zvVe92vMMDt9+DkIvjXImQQ==",
			"license": "Apache-2.0",
			"engines": {
				"node": ">=16.11.0"
			}
		},
		"node_modules/@discordjs/formatters": {
			"version": "0.6.2",
			"resolved": "https://registry.npmjs.org/@discordjs/formatters/-/formatters-0.6.2.tgz",
			"integrity": "sha512-y4UPwWhH6vChKRkGdMB4odasUbHOUwy7KL+OVwF86PvT6QVOwElx+TiI1/6kcmcEe+g5YRXJFiXSXUdabqZOvQ==",
			"license": "Apache-2.0",
			"dependencies": {
				"discord-api-types": "^0.38.33"
			},
			"engines": {
				"node": ">=16.11.0"
			},
			"funding": {
				"url": "https://github.com/discordjs/discord.js?sponsor"
			}
		},
		"node_modules/@discordjs/rest": {
			"version": "2.6.3",
			"resolved": "https://registry.npmjs.org/@discordjs/rest/-/rest-2.6.3.tgz",
			"integrity": "sha512-wvOylxNYJkwKjctS/Mn5GP1w9r3/rzyH+ThD1JlAca6zEdlHs8QWBBUQJpU5Q+W6DoIj/Ljh1IPlZs7hTU+UAg==",
			"license": "Apache-2.0",
			"dependencies": {
				"@discordjs/collection": "^2.1.1",
				"@discordjs/util": "^1.2.0",
				"@sapphire/async-queue": "^1.5.3",
				"@sapphire/snowflake": "^3.5.5",
				"@vladfrangu/async_event_emitter": "^2.4.6",
				"discord-api-types": "^0.38.50",
				"magic-bytes.js": "^1.13.0",
				"tslib": "^2.6.3",
				"undici": "^6.27.0"
			},
			"engines": {
				"node": ">=18"
			},
			"funding": {
				"url": "https://github.com/discordjs/discord.js?sponsor"
			}
		},
		"node_modules/@discordjs/rest/node_modules/@discordjs/collection": {
			"version": "2.1.1",
			"resolved": "https://registry.npmjs.org/@discordjs/collection/-/collection-2.1.1.tgz",
			"integrity": "sha512-LiSusze9Tc7qF03sLCujF5iZp7K+vRNEDBZ86FT9aQAv3vxMLihUvKvpsCWiQ2DJq1tVckopKm1rxomgNUc9hg==",
			"license": "Apache-2.0",
			"engines": {
				"node": ">=18"
			},
			"funding": {
				"url": "https://github.com/discordjs/discord.js?sponsor"
			}
		},
		"node_modules/@discordjs/rest/node_modules/undici": {
			"version": "6.28.1",
			"resolved": "https://registry.npmjs.org/undici/-/undici-6.28.1.tgz",
			"integrity": "sha512-zWpdTVD54H48CIybL0rWQ3ukpb9d23wM7eH5RtfdmeP70cWHNjtfo7P4vZX+5CoDcO53J4Pu5uXp7lNfjc6DRA==",
			"license": "MIT",
			"engines": {
				"node": ">=18.17"
			}
		},
		"node_modules/@discordjs/util": {
			"version": "1.2.0",
			"resolved": "https://registry.npmjs.org/@discordjs/util/-/util-1.2.0.tgz",
			"integrity": "sha512-3LKP7F2+atl9vJFhaBjn4nOaSWahZ/yWjOvA4e5pnXkt2qyXRCHLxoBQy81GFtLGCq7K9lPm9R517M1U+/90Qg==",
			"license": "Apache-2.0",
			"dependencies": {
				"discord-api-types": "^0.38.33"
			},
			"engines": {
				"node": ">=18"
			},
			"funding": {
				"url": "https://github.com/discordjs/discord.js?sponsor"
			}
		},
		"node_modules/@discordjs/ws": {
			"version": "1.2.3",
			"resolved": "https://registry.npmjs.org/@discordjs/ws/-/ws-1.2.3.tgz",
			"integrity": "sha512-wPlQDxEmlDg5IxhJPuxXr3Vy9AjYq5xCvFWGJyD7w7Np8ZGu+Mc+97LCoEc/+AYCo2IDpKioiH0/c/mj5ZR9Uw==",
			"license": "Apache-2.0",
			"dependencies": {
				"@discordjs/collection": "^2.1.0",
				"@discordjs/rest": "^2.5.1",
				"@discordjs/util": "^1.1.0",
				"@sapphire/async-queue": "^1.5.2",
				"@types/ws": "^8.5.10",
				"@vladfrangu/async_event_emitter": "^2.2.4",
				"discord-api-types": "^0.38.1",
				"tslib": "^2.6.2",
				"ws": "^8.17.0"
			},
			"engines": {
				"node": ">=16.11.0"
			},
			"funding": {
				"url": "https://github.com/discordjs/discord.js?sponsor"
			}
		},
		"node_modules/@discordjs/ws/node_modules/@discordjs/collection": {
			"version": "2.1.1",
			"resolved": "https://registry.npmjs.org/@discordjs/collection/-/collection-2.1.1.tgz",
			"integrity": "sha512-LiSusze9Tc7qF03sLCujF5iZp7K+vRNEDBZ86FT9aQAv3vxMLihUvKvpsCWiQ2DJq1tVckopKm1rxomgNUc9hg==",
			"license": "Apache-2.0",
			"engines": {
				"node": ">=18"
			},
			"funding": {
				"url": "https://github.com/discordjs/discord.js?sponsor"
			}
		},
		"node_modules/@eolthar/events": {
			"version": "2.1.0",
			"resolved": "https://registry.npmjs.org/@eolthar/events/-/events-2.1.0.tgz",
			"integrity": "sha512-36RPg9n40Cphhh87XZnXjvc0eew/O9HaluGNcNlPLIftFy9+xQ1/P8Z5QMakoof5RCtaY3RWGUMXcnacPUuqGQ==",
			"license": "MIT"
		},
		"node_modules/@harperfast/extended-iterable": {
			"version": "1.0.3",
			"resolved": "https://registry.npmjs.org/@harperfast/extended-iterable/-/extended-iterable-1.0.3.tgz",
			"integrity": "sha512-sSAYhQca3rDWtQUHSAPeO7axFIUJOI6hn1gjRC5APVE1a90tuyT8f5WIgRsFhhWA7htNkju2veB9eWL6YHi/Lw==",
			"license": "Apache-2.0"
		},
		"node_modules/@lmdb/lmdb-darwin-arm64": {
			"version": "3.5.6",
			"resolved": "https://registry.npmjs.org/@lmdb/lmdb-darwin-arm64/-/lmdb-darwin-arm64-3.5.6.tgz",
			"integrity": "sha512-mY5FG4TjPAkY4P0w+OhHaUka5mDh2TX2WKYIwuKzJ1zeW3VvRgxdam/lGJTquI+bthTx5CSHDW+BAQCnNAzkEA==",
			"cpu": [
				"arm64"
			],
			"license": "MIT",
			"optional": true,
			"os": [
				"darwin"
			]
		},
		"node_modules/@lmdb/lmdb-darwin-x64": {
			"version": "3.5.6",
			"resolved": "https://registry.npmjs.org/@lmdb/lmdb-darwin-x64/-/lmdb-darwin-x64-3.5.6.tgz",
			"integrity": "sha512-foa+pwitysO8k+xhs7psBFfTKnVgR69NlZRRTHaFVDqphh7AdGpLeyRzKw/ofatr/sN6TiHRRW6mmop0ZrrppQ==",
			"cpu": [
				"x64"
			],
			"license": "MIT",
			"optional": true,
			"os": [
				"darwin"
			]
		},
		"node_modules/@lmdb/lmdb-linux-arm": {
			"version": "3.5.6",
			"resolved": "https://registry.npmjs.org/@lmdb/lmdb-linux-arm/-/lmdb-linux-arm-3.5.6.tgz",
			"integrity": "sha512-QR4YRyR5h5Z8eGXrNQjiyo2NNDfqi3tCc9dQG5Is1blCt+qWw1ZoBWhlWAr5d+jshkifMIJjVHzHGKbkKzF8Tw==",
			"cpu": [
				"arm"
			],
			"license": "MIT",
			"optional": true,
			"os": [
				"linux"
			]
		},
		"node_modules/@lmdb/lmdb-linux-arm64": {
			"version": "3.5.6",
			"resolved": "https://registry.npmjs.org/@lmdb/lmdb-linux-arm64/-/lmdb-linux-arm64-3.5.6.tgz",
			"integrity": "sha512-HmiyFFdJa38s1heCMSooSPaBSFTHJ3C+ERPp28xAPlDX1YiALJVOgbry065nXd8Y7KISWjnw05zpG1RX8IfftA==",
			"cpu": [
				"arm64"
			],
			"license": "MIT",
			"optional": true,
			"os": [
				"linux"
			]
		},
		"node_modules/@lmdb/lmdb-linux-x64": {
			"version": "3.5.6",
			"resolved": "https://registry.npmjs.org/@lmdb/lmdb-linux-x64/-/lmdb-linux-x64-3.5.6.tgz",
			"integrity": "sha512-ADzCuCF2cTNiX9kDScqcz1fjnAkxPpQNneV3KFTdV3wWtVlI2sTGzySoMTgDpinkMMFj1NTJlxA6XR8fwc4hlA==",
			"cpu": [
				"x64"
			],
			"license": "MIT",
			"optional": true,
			"os": [
				"linux"
			]
		},
		"node_modules/@lmdb/lmdb-win32-arm64": {
			"version": "3.5.6",
			"resolved": "https://registry.npmjs.org/@lmdb/lmdb-win32-arm64/-/lmdb-win32-arm64-3.5.6.tgz",
			"integrity": "sha512-J7A9aEQsQiv0TYtBGL7NDIPp2lOS8nnl+zm4sWZm1xlsTTaQ4PgD096Adzdrk27rw3UxCkDXdCUa4ax41oztBQ==",
			"cpu": [
				"arm64"
			],
			"license": "MIT",
			"optional": true,
			"os": [
				"win32"
			]
		},
		"node_modules/@lmdb/lmdb-win32-x64": {
			"version": "3.5.6",
			"resolved": "https://registry.npmjs.org/@lmdb/lmdb-win32-x64/-/lmdb-win32-x64-3.5.6.tgz",
			"integrity": "sha512-1g7G0knRX2iV/voDu54yxrGqw5Dk0w2oIYb7dgJq8IkOi+m7wbD8Q3QpPFjh0C01G58S88dqGn03len6UPCXsg==",
			"cpu": [
				"x64"
			],
			"license": "MIT",
			"optional": true,
			"os": [
				"win32"
			]
		},
		"node_modules/@msgpackr-extract/msgpackr-extract-darwin-arm64": {
			"version": "3.0.4",
			"resolved": "https://registry.npmjs.org/@msgpackr-extract/msgpackr-extract-darwin-arm64/-/msgpackr-extract-darwin-arm64-3.0.4.tgz",
			"integrity": "sha512-LCkGo6JDfaBhgST7UpPWgNgLINpcpabaHfyz5OBx75nUYxBsaEPxjnyNjWpeb/xBup/682QnBfRBy2/LvPutZQ==",
			"cpu": [
				"arm64"
			],
			"license": "MIT",
			"optional": true,
			"os": [
				"darwin"
			]
		},
		"node_modules/@msgpackr-extract/msgpackr-extract-darwin-x64": {
			"version": "3.0.4",
			"resolved": "https://registry.npmjs.org/@msgpackr-extract/msgpackr-extract-darwin-x64/-/msgpackr-extract-darwin-x64-3.0.4.tgz",
			"integrity": "sha512-zExlW9zUJKZH/tOtVMttwjKa4Xm/3KcNjnE3dPN92uCktwavMxpgCA3MoJK/DOnTWsQgo224OaST27/mPNAf+w==",
			"cpu": [
				"x64"
			],
			"license": "MIT",
			"optional": true,
			"os": [
				"darwin"
			]
		},
		"node_modules/@msgpackr-extract/msgpackr-extract-linux-arm": {
			"version": "3.0.4",
			"resolved": "https://registry.npmjs.org/@msgpackr-extract/msgpackr-extract-linux-arm/-/msgpackr-extract-linux-arm-3.0.4.tgz",
			"integrity": "sha512-Tg3yX65f5GbtXLkrYEHE5oibZG9epyYWas7FogTTEJeDEF9JlXJzKgXaNhT3UXlTOeA+AfZpYZYZ0uPj7Cfquw==",
			"cpu": [
				"arm"
			],
			"license": "MIT",
			"optional": true,
			"os": [
				"linux"
			]
		},
		"node_modules/@msgpackr-extract/msgpackr-extract-linux-arm64": {
			"version": "3.0.4",
			"resolved": "https://registry.npmjs.org/@msgpackr-extract/msgpackr-extract-linux-arm64/-/msgpackr-extract-linux-arm64-3.0.4.tgz",
			"integrity": "sha512-dgX0P/9wGPJeHFBG+ZmhgE6bmtMt7NP5CRBGyyktpopdk/mW4POnrpQsSLtKI1dwpc+pPLuXHDh6vvskyQE/sw==",
			"cpu": [
				"arm64"
			],
			"license": "MIT",
			"optional": true,
			"os": [
				"linux"
			]
		},
		"node_modules/@msgpackr-extract/msgpackr-extract-linux-x64": {
			"version": "3.0.4",
			"resolved": "https://registry.npmjs.org/@msgpackr-extract/msgpackr-extract-linux-x64/-/msgpackr-extract-linux-x64-3.0.4.tgz",
			"integrity": "sha512-8TNXMEjJc3QEy7R/x1INhgiU+XakDAFUzBhaz7+Rbrs8NH5UQeHQxxmzsSBJGyV6I1jW79undiQm8tOI+D+8FQ==",
			"cpu": [
				"x64"
			],
			"license": "MIT",
			"optional": true,
			"os": [
				"linux"
			]
		},
		"node_modules/@msgpackr-extract/msgpackr-extract-win32-x64": {
			"version": "3.0.4",
			"resolved": "https://registry.npmjs.org/@msgpackr-extract/msgpackr-extract-win32-x64/-/msgpackr-extract-win32-x64-3.0.4.tgz",
			"integrity": "sha512-CmCXPQrkbwExx3j946/PtHWHbYJiCRBRDl4BlkRQcJB/YOwQxJRTpoo7aTsortjgoJ1x7opzTSxn7C+ASSLVjQ==",
			"cpu": [
				"x64"
			],
			"license": "MIT",
			"optional": true,
			"os": [
				"win32"
			]
		},
		"node_modules/@sapphire/async-queue": {
			"version": "1.5.5",
			"resolved": "https://registry.npmjs.org/@sapphire/async-queue/-/async-queue-1.5.5.tgz",
			"integrity": "sha512-cvGzxbba6sav2zZkH8GPf2oGk9yYoD5qrNWdu9fRehifgnFZJMV+nuy2nON2roRO4yQQ+v7MK/Pktl/HgfsUXg==",
			"license": "MIT",
			"engines": {
				"node": ">=v14.0.0",
				"npm": ">=7.0.0"
			}
		},
		"node_modules/@sapphire/shapeshift": {
			"version": "4.0.0",
			"resolved": "https://registry.npmjs.org/@sapphire/shapeshift/-/shapeshift-4.0.0.tgz",
			"integrity": "sha512-d9dUmWVA7MMiKobL3VpLF8P2aeanRTu6ypG2OIaEv/ZHH/SUQ2iHOVyi5wAPjQ+HmnMuL0whK9ez8I/raWbtIg==",
			"license": "MIT",
			"dependencies": {
				"fast-deep-equal": "^3.1.3",
				"lodash": "^4.17.21"
			},
			"engines": {
				"node": ">=v16"
			}
		},
		"node_modules/@sapphire/snowflake": {
			"version": "3.5.5",
			"resolved": "https://registry.npmjs.org/@sapphire/snowflake/-/snowflake-3.5.5.tgz",
			"integrity": "sha512-xzvBr1Q1c4lCe7i6sRnrofxeO1QTP/LKQ6A6qy0iB4x5yfiSfARMEQEghojzTNALDTcv8En04qYNIco9/K9eZQ==",
			"license": "MIT",
			"engines": {
				"node": ">=v14.0.0",
				"npm": ">=7.0.0"
			}
		},
		"node_modules/@tryforge/forgescript": {
			"version": "2.7.1",
			"resolved": "https://registry.npmjs.org/@tryforge/forgescript/-/forgescript-2.7.1.tgz",
			"integrity": "sha512-KRz/A4EOsMaiu4vnMujPNILyZSRpCIIfbgyRf9BUggfr2t81qT9czXxNbznR7UpisP+LTwfuS+jPD3EWFtUdgQ==",
			"license": "LGPL-3.0-or-later",
			"dependencies": {
				"chalk": "^5.6.2",
				"discord.js": "^14.27.0",
				"ms-utility": "^3.3.0",
				"tiny-typed-emitter": "^2.1.0",
				"undici": "^7.29.0"
			},
			"engines": {
				"node": ">=16.11.0"
			}
		},
		"node_modules/@types/node": {
			"version": "22.20.4",
			"resolved": "https://registry.npmjs.org/@types/node/-/node-22.20.4.tgz",
			"integrity": "sha512-zJRE40jpHtKqE/C4fgHrAKQLJuSpzEnP9ff9Y7YtoR3Wd2pwqzlekDeEuUQXjRd+QCYnVnNwuJYmhdk9XV8gvA==",
			"license": "MIT",
			"dependencies": {
				"undici-types": "~6.21.0"
			}
		},
		"node_modules/@types/ws": {
			"version": "8.18.1",
			"resolved": "https://registry.npmjs.org/@types/ws/-/ws-8.18.1.tgz",
			"integrity": "sha512-ThVF6DCVhA8kUGy+aazFQ4kXQ7E1Ty7A3ypFOe0IcJV8O/M511G99AW24irKrW56Wt44yG9+ij8FaqoBGkuBXg==",
			"license": "MIT",
			"dependencies": {
				"@types/node": "*"
			}
		},
		"node_modules/@vladfrangu/async_event_emitter": {
			"version": "2.4.7",
			"resolved": "https://registry.npmjs.org/@vladfrangu/async_event_emitter/-/async_event_emitter-2.4.7.tgz",
			"integrity": "sha512-Xfe6rpCTxSxfbswi/W/Pz7zp1WWSNn4A0eW4mLkQUewCrXXtMj31lCg+iQyTkh/CkusZSq9eDflu7tjEDXUY6g==",
			"license": "MIT",
			"engines": {
				"node": ">=v14.0.0",
				"npm": ">=7.0.0"
			}
		},
		"node_modules/chalk": {
			"version": "5.6.2",
			"resolved": "https://registry.npmjs.org/chalk/-/chalk-5.6.2.tgz",
			"integrity": "sha512-7NzBL0rN6fMUW+f7A6Io4h40qQlG+xGmtMxfbnH/K7TAtt8JQWVQK+6g0UXKMeVJoyV5EkkNsErQ8pVD3bLHbA==",
			"license": "MIT",
			"engines": {
				"node": "^12.17.0 || ^14.13 || >=16.0.0"
			},
			"funding": {
				"url": "https://github.com/chalk/chalk?sponsor=1"
			}
		},
		"node_modules/detect-libc": {
			"version": "2.1.2",
			"resolved": "https://registry.npmjs.org/detect-libc/-/detect-libc-2.1.2.tgz",
			"integrity": "sha512-Btj2BOOO83o3WyH59e8MgXsxEQVcarkUOpEYrubB0urwnN10yQ364rsiByU11nZlqWYZm05i/of7io4mzihBtQ==",
			"license": "Apache-2.0",
			"engines": {
				"node": ">=8"
			}
		},
		"node_modules/discord-api-types": {
			"version": "0.38.55",
			"resolved": "https://registry.npmjs.org/discord-api-types/-/discord-api-types-0.38.55.tgz",
			"integrity": "sha512-ytuaRTzdnHUCXJ6KjL9MrItQX0xKncBKEeYI1Bst4+ud47eejH3cG6gaesYakjpPcUhh68XYS2YwGq3mmujFsA==",
			"license": "MIT"
		},
		"node_modules/discord.js": {
			"version": "14.27.0",
			"resolved": "https://registry.npmjs.org/discord.js/-/discord.js-14.27.0.tgz",
			"integrity": "sha512-qHbFlFG2N7y3LjPySYsL6A1+BnX6bkTVgo842EX0CqVPk/KTMwZkojPHEXKsQUpWZNyz5BISNHK1cPpQw0+m4A==",
			"license": "Apache-2.0",
			"dependencies": {
				"@discordjs/builders": "^1.14.1",
				"@discordjs/collection": "1.5.3",
				"@discordjs/formatters": "^0.6.2",
				"@discordjs/rest": "^2.6.2",
				"@discordjs/util": "^1.2.0",
				"@discordjs/ws": "^1.2.3",
				"@sapphire/snowflake": "3.5.5",
				"discord-api-types": "^0.38.49",
				"fast-deep-equal": "3.1.3",
				"lodash.snakecase": "4.1.1",
				"magic-bytes.js": "^1.13.0",
				"tslib": "^2.6.3",
				"undici": "^6.27.0"
			},
			"engines": {
				"node": ">=18"
			},
			"funding": {
				"url": "https://github.com/discordjs/discord.js?sponsor"
			}
		},
		"node_modules/discord.js/node_modules/undici": {
			"version": "6.28.1",
			"resolved": "https://registry.npmjs.org/undici/-/undici-6.28.1.tgz",
			"integrity": "sha512-zWpdTVD54H48CIybL0rWQ3ukpb9d23wM7eH5RtfdmeP70cWHNjtfo7P4vZX+5CoDcO53J4Pu5uXp7lNfjc6DRA==",
			"license": "MIT",
			"engines": {
				"node": ">=18.17"
			}
		},
		"node_modules/fast-deep-equal": {
			"version": "3.1.3",
			"resolved": "https://registry.npmjs.org/fast-deep-equal/-/fast-deep-equal-3.1.3.tgz",
			"integrity": "sha512-f3qQ9oQy9j2AhBe/H9VC91wLmKBCCU/gDOnKNAYG5hswO7BLKj09Hc5HYNz9cGI++xlpDCIgDaitVs03ATR84Q==",
			"license": "MIT"
		},
		"node_modules/lmdb": {
			"version": "3.5.6",
			"resolved": "https://registry.npmjs.org/lmdb/-/lmdb-3.5.6.tgz",
			"integrity": "sha512-j3uE8ReKNyUWDjhfEFSJqE/1DLtfTR5Z8yFzVHvBjAk37wNg7HdScjcv8ttPHRvrdgPQMPWxFFI0SsdBzI5lBw==",
			"hasInstallScript": true,
			"license": "MIT",
			"dependencies": {
				"@harperfast/extended-iterable": "^1.0.3",
				"msgpackr": "^1.11.2",
				"node-addon-api": "^6.1.0",
				"node-gyp-build-optional-packages": "5.2.2",
				"ordered-binary": "^1.5.3",
				"weak-lru-cache": "^1.2.2"
			},
			"bin": {
				"download-lmdb-prebuilds": "bin/download-prebuilds.js"
			},
			"optionalDependencies": {
				"@lmdb/lmdb-darwin-arm64": "3.5.6",
				"@lmdb/lmdb-darwin-x64": "3.5.6",
				"@lmdb/lmdb-linux-arm": "3.5.6",
				"@lmdb/lmdb-linux-arm64": "3.5.6",
				"@lmdb/lmdb-linux-x64": "3.5.6",
				"@lmdb/lmdb-win32-arm64": "3.5.6",
				"@lmdb/lmdb-win32-x64": "3.5.6"
			}
		},
		"node_modules/lodash": {
			"version": "4.18.1",
			"resolved": "https://registry.npmjs.org/lodash/-/lodash-4.18.1.tgz",
			"integrity": "sha512-dMInicTPVE8d1e5otfwmmjlxkZoUpiVLwyeTdUsi/Caj/gfzzblBcCE5sRHV/AsjuCmxWrte2TNGSYuCeCq+0Q==",
			"license": "MIT"
		},
		"node_modules/lodash.snakecase": {
			"version": "4.1.1",
			"resolved": "https://registry.npmjs.org/lodash.snakecase/-/lodash.snakecase-4.1.1.tgz",
			"integrity": "sha512-QZ1d4xoBHYUeuouhEq3lk3Uq7ldgyFXGBhg04+oRLnIz8o9T65Eh+8YdroUwn846zchkA9yDsDl5CVVaV2nqYw==",
			"license": "MIT"
		},
		"node_modules/magic-bytes.js": {
			"version": "1.13.1",
			"resolved": "https://registry.npmjs.org/magic-bytes.js/-/magic-bytes.js-1.13.1.tgz",
			"integrity": "sha512-x5sn4UX2k5gCWlcfmoFwG4TPie8+dctESyqOBdhB5p6MsgWXdBKGmt9nXPObj/JI50TTL928lc5Yt1WntMn1bw==",
			"license": "MIT"
		},
		"node_modules/ms-utility": {
			"version": "3.3.0",
			"resolved": "https://registry.npmjs.org/ms-utility/-/ms-utility-3.3.0.tgz",
			"integrity": "sha512-PM1brH9z25ICcU17rK8yLwjH5sekCHs1xiftUTKmkoSlBY+F/l7G+zyUMmZ148SkVwOPb0qDGZgawKvELJ+klQ==",
			"license": "ISC"
		},
		"node_modules/msgpackr": {
			"version": "1.12.1",
			"resolved": "https://registry.npmjs.org/msgpackr/-/msgpackr-1.12.1.tgz",
			"integrity": "sha512-4EUH9tQHnMmEgzW/MdAP0KIfa1T9AF+htl0ffe2n5vb2EKn9y2co8ccpgWko6S52Jy1PQZKwRnx5/KkYjtd9MQ==",
			"license": "MIT",
			"optionalDependencies": {
				"msgpackr-extract": "^3.0.2"
			}
		},
		"node_modules/msgpackr-extract": {
			"version": "3.0.4",
			"resolved": "https://registry.npmjs.org/msgpackr-extract/-/msgpackr-extract-3.0.4.tgz",
			"integrity": "sha512-4kmO/MdyUIkLIvTPr8VHLil4AtoKIoniWPIEk5+CDy0xnWC84azhSFmuJ7PxZdsYtiP5kEeQsORAVIeMgxT+Hw==",
			"hasInstallScript": true,
			"license": "MIT",
			"optional": true,
			"dependencies": {
				"node-gyp-build-optional-packages": "5.2.2"
			},
			"bin": {
				"download-msgpackr-prebuilds": "bin/download-prebuilds.js"
			},
			"optionalDependencies": {
				"@msgpackr-extract/msgpackr-extract-darwin-arm64": "3.0.4",
				"@msgpackr-extract/msgpackr-extract-darwin-x64": "3.0.4",
				"@msgpackr-extract/msgpackr-extract-linux-arm": "3.0.4",
				"@msgpackr-extract/msgpackr-extract-linux-arm64": "3.0.4",
				"@msgpackr-extract/msgpackr-extract-linux-x64": "3.0.4",
				"@msgpackr-extract/msgpackr-extract-win32-x64": "3.0.4"
			}
		},
		"node_modules/node-addon-api": {
			"version": "6.1.0",
			"resolved": "https://registry.npmjs.org/node-addon-api/-/node-addon-api-6.1.0.tgz",
			"integrity": "sha512-+eawOlIgy680F0kBzPUNFhMZGtJ1YmqM6l4+Crf4IkImjYrO/mqPwRMh352g23uIaQKFItcQ64I7KMaJxHgAVA==",
			"license": "MIT"
		},
		"node_modules/node-gyp-build-optional-packages": {
			"version": "5.2.2",
			"resolved": "https://registry.npmjs.org/node-gyp-build-optional-packages/-/node-gyp-build-optional-packages-5.2.2.tgz",
			"integrity": "sha512-s+w+rBWnpTMwSFbaE0UXsRlg7hU4FjekKU4eyAih5T8nJuNZT1nNsskXpxmeqSK9UzkBl6UgRlnKc8hz8IEqOw==",
			"license": "MIT",
			"dependencies": {
				"detect-libc": "^2.0.1"
			},
			"bin": {
				"node-gyp-build-optional-packages": "bin.js",
				"node-gyp-build-optional-packages-optional": "optional.js",
				"node-gyp-build-optional-packages-test": "build-test.js"
			}
		},
		"node_modules/ordered-binary": {
			"version": "1.6.2",
			"resolved": "https://registry.npmjs.org/ordered-binary/-/ordered-binary-1.6.2.tgz",
			"integrity": "sha512-BY+qgDArmYpvvmij141xbkB4Cw8RFLBQM5Zj4MODFb1SyXBRE/xO4Xj/QWbR7aUEBxbkjuNdsFVCL2TmbYrlNg==",
			"license": "MIT"
		},
		"node_modules/tiny-typed-emitter": {
			"version": "2.1.0",
			"resolved": "https://registry.npmjs.org/tiny-typed-emitter/-/tiny-typed-emitter-2.1.0.tgz",
			"integrity": "sha512-qVtvMxeXbVej0cQWKqVSSAHmKZEHAvxdF8HEUBFWts8h+xEo5m/lEiPakuyZ3BnCBjOD8i24kzNOiOLLgsSxhA==",
			"license": "MIT"
		},
		"node_modules/ts-mixer": {
			"version": "6.0.4",
			"resolved": "https://registry.npmjs.org/ts-mixer/-/ts-mixer-6.0.4.tgz",
			"integrity": "sha512-ufKpbmrugz5Aou4wcr5Wc1UUFWOLhq+Fm6qa6P0w0K5Qw2yhaUoiWszhCVuNQyNwrlGiscHOmqYoAox1PtvgjA==",
			"license": "MIT"
		},
		"node_modules/tslib": {
			"version": "2.8.1",
			"resolved": "https://registry.npmjs.org/tslib/-/tslib-2.8.1.tgz",
			"integrity": "sha512-oJFu94HQb+KVduSUQL7wnpmqnfmLsOA/nAh6b6EH0wCEoK0/mPeXU6c3wKDV83MkOuHPRHtSXKKU99IBazS/2w==",
			"license": "0BSD"
		},
		"node_modules/typescript": {
			"version": "5.9.3",
			"resolved": "https://registry.npmjs.org/typescript/-/typescript-5.9.3.tgz",
			"integrity": "sha512-jl1vZzPDinLr9eUt3J/t7V6FgNEw9QjvBPdysz9KfQDD41fQrC2Y4vKQdiaUpFT4bXlb1RHhLpp8wtm6M5TgSw==",
			"dev": true,
			"license": "Apache-2.0",
			"bin": {
				"tsc": "bin/tsc",
				"tsserver": "bin/tsserver"
			},
			"engines": {
				"node": ">=14.17"
			}
		},
		"node_modules/undici": {
			"version": "7.29.1",
			"resolved": "https://registry.npmjs.org/undici/-/undici-7.29.1.tgz",
			"integrity": "sha512-RYONW2MeafgYlkVOKYKkA/Ag7BmXqgIWCa8t1m0JcxrQg9pI9lEqRhAOruOBCbAohOa/gkCF+iPi9hrgvTzu6Q==",
			"license": "MIT",
			"engines": {
				"node": ">=20.18.1"
			}
		},
		"node_modules/undici-types": {
			"version": "6.21.0",
			"resolved": "https://registry.npmjs.org/undici-types/-/undici-types-6.21.0.tgz",
			"integrity": "sha512-iwDZqg0QAGrg9Rav5H4n0M64c3mkR59cJ6wQp+7C4nI0gsmExaedaYLNO44eT4AtBBwjbTiGPMlt2Md0T9H9JQ==",
			"license": "MIT"
		},
		"node_modules/weak-lru-cache": {
			"version": "1.2.2",
			"resolved": "https://registry.npmjs.org/weak-lru-cache/-/weak-lru-cache-1.2.2.tgz",
			"integrity": "sha512-DEAoo25RfSYMuTGc9vPJzZcZullwIqRDSI9LOy+fkCJPi6hykCnfKaXTuPBDuXAUcqHXyOgFtHNp/kB2FjYHbw==",
			"license": "MIT"
		},
		"node_modules/ws": {
			"version": "8.21.3",
			"resolved": "https://registry.npmjs.org/ws/-/ws-8.21.3.tgz",
			"integrity": "sha512-201TZ/kPWxoPr/OKWjquZR1SWKXcvxdH+e1xrx89b3YbmzLMFCLfnaG1HFIgWzJOEWZ7MvpK++odZufgYR50Rw==",
			"license": "MIT",
			"engines": {
				"node": ">=10.0.0"
			},
			"peerDependencies": {
				"bufferutil": "^4.0.1",
				"utf-8-validate": ">=5.0.2"
			},
			"peerDependenciesMeta": {
				"bufferutil": {
					"optional": true
				},
				"utf-8-validate": {
					"optional": true
				}
			}
		}
	}
}
